
Microsoft Visual Studio Solution File, Format Version 12.00
# Visual Studio 14
VisualStudioVersion = 14.0.25420.1
MinimumVisualStudioVersion = 10.0.40219.1
Project("{FAE04EC0-301F-11D3-BF4B-00C04F79EFBC}") = "FCP.Exceptionless.NLog", "src\FCP.Exceptionless.NLog\FCP.Exceptionless.NLog.csproj", "{27283091-96F7-4705-8EAF-C0347F58D445}"
EndProject
Project("{FAE04EC0-301F-11D3-BF4B-00C04F79EFBC}") = "FCP.Exceptionless.NLog.WebApi", "src\FCP.Exceptionless.NLog.WebApi\FCP.Exceptionless.NLog.WebApi.csproj", "{2FC3F54F-6EC8-4890-9024-C000FEEAA85C}"
EndProject
Project("{FAE04EC0-301F-11D3-BF4B-00C04F79EFBC}") = "FCP.Exceptionless.WebApi", "src\FCP.Exceptionless.WebApi\FCP.Exceptionless.WebApi.csproj", "{0718B529-5D57-46BD-AE4D-217013D69093}"
EndProject
Global
	GlobalSection(SolutionConfigurationPlatforms) = preSolution
		Debug|Any CPU = Debug|Any CPU
		Release|Any CPU = Release|Any CPU
	EndGlobalSection
	GlobalSection(ProjectConfigurationPlatforms) = postSolution
		{27283091-96F7-4705-8EAF-C0347F58D445}.Debug|Any CPU.ActiveCfg = Debug|Any CPU
		{27283091-96F7-4705-8EAF-C0347F58D445}.Debug|Any CPU.Build.0 = Debug|Any CPU
		{27283091-96F7-4705-8EAF-C0347F58D445}.Release|Any CPU.ActiveCfg = Release|Any CPU
		{27283091-96F7-4705-8EAF-C0347F58D445}.Release|Any CPU.Build.0 = Release|Any CPU
		{2FC3F54F-6EC8-4890-9024-C000FEEAA85C}.Debug|Any CPU.ActiveCfg = Debug|Any CPU
		{2FC3F54F-6EC8-4890-9024-C000FEEAA85C}.Debug|Any CPU.Build.0 = Debug|Any CPU
		{2FC3F54F-6EC8-4890-9024-C000FEEAA85C}.Release|Any CPU.ActiveCfg = Release|Any CPU
		{2FC3F54F-6EC8-4890-9024-C000FEEAA85C}.Release|Any CPU.Build.0 = Release|Any CPU
		{0718B529-5D57-46BD-AE4D-217013D69093}.Debug|Any CPU.ActiveCfg = Debug|Any CPU
		{0718B529-5D57-46BD-AE4D-217013D69093}.Debug|Any CPU.Build.0 = Debug|Any CPU
		{0718B529-5D57-46BD-AE4D-217013D69093}.Release|Any CPU.ActiveCfg = Release|Any CPU
		{0718B529-5D57-46BD-AE4D-217013D69093}.Release|Any CPU.Build.0 = Release|Any CPU
	EndGlobalSection
	GlobalSection(SolutionProperties) = preSolution
		HideSolutionNode = FALSE
	EndGlobalSection
EndGlobal
